
Microsoft Visual Studio Solution File, Format Version 12.00
# Visual Studio Version 16
VisualStudioVersion = 16.0.30320.27
MinimumVisualStudioVersion = 10.0.40219.1
Project("{FAE04EC0-301F-11D3-BF4B-00C04F79EFBC}") = "PuzzleGraphGenerator", "PuzzleGraphGenerator.csproj", "{D0404AF8-52B7-453A-8930-18AAD873DD66}"
EndProject
Global
	GlobalSection(SolutionConfigurationPlatforms) = preSolution
		Debug|Any CPU = Debug|Any CPU
		Release|Any CPU = Release|Any CPU
	EndGlobalSection
	GlobalSection(ProjectConfigurationPlatforms) = postSolution
		{D0404AF8-52B7-453A-8930-18AAD873DD66}.Debug|Any CPU.ActiveCfg = Debug|Any CPU
		{D0404AF8-52B7-453A-8930-18AAD873DD66}.Debug|Any CPU.Build.0 = Debug|Any CPU
		{D0404AF8-52B7-453A-8930-18AAD873DD66}.Release|Any CPU.ActiveCfg = Release|Any CPU
		{D0404AF8-52B7-453A-8930-18AAD873DD66}.Release|Any CPU.Build.0 = Release|Any CPU
	EndGlobalSection
	GlobalSection(SolutionProperties) = preSolution
		HideSolutionNode = FALSE
	EndGlobalSection
	GlobalSection(ExtensibilityGlobals) = postSolution
		SolutionGuid = {B884AB41-777F-49FA-91BA-3B4A6954F56D}
	EndGlobalSection
EndGlobal
